
Microsoft Visual Studio Solution File, Format Version 12.00
# Visual Studio 2012
Project("{FAE04EC0-301F-11D3-BF4B-00C04F79EFBC}") = "HomeAPIServer", "HomeAPIServer\HomeAPIServer.csproj", "{2B78000D-4BBB-4CAA-AD2B-8A456307B22F}"
EndProject
Global
	GlobalSection(SolutionConfigurationPlatforms) = preSolution
		Debug|Any CPU = Debug|Any CPU
		Release|Any CPU = Release|Any CPU
	EndGlobalSection
	GlobalSection(ProjectConfigurationPlatforms) = postSolution
		{2B78000D-4BBB-4CAA-AD2B-8A456307B22F}.Debug|Any CPU.ActiveCfg = Debug|Any CPU
		{2B78000D-4BBB-4CAA-AD2B-8A456307B22F}.Debug|Any CPU.Build.0 = Debug|Any CPU
		{2B78000D-4BBB-4CAA-AD2B-8A456307B22F}.Release|Any CPU.ActiveCfg = Release|Any CPU
		{2B78000D-4BBB-4CAA-AD2B-8A456307B22F}.Release|Any CPU.Build.0 = Release|Any CPU
	EndGlobalSection
	GlobalSection(SolutionProperties) = preSolution
		HideSolutionNode = FALSE
	EndGlobalSection
EndGlobal
