
Microsoft Visual Studio Solution File, Format Version 12.00
# Visual Studio 2012
Project("{FAE04EC0-301F-11D3-BF4B-00C04F79EFBC}") = "ConsoleAPITest", "ConsoleAPITest\ConsoleAPITest.csproj", "{6425F311-5FEC-4D94-895F-A0079E08C320}"
EndProject
Project("{FAE04EC0-301F-11D3-BF4B-00C04F79EFBC}") = "ConsoleThread", "ConsoleThread\ConsoleThread.csproj", "{F6140EE3-5BE0-4A4F-BDCC-791E4327F89B}"
EndProject
Project("{FAE04EC0-301F-11D3-BF4B-00C04F79EFBC}") = "APIServer", "APIServer\APIServer.csproj", "{518303FD-3DED-4012-B73B-CF8E60887946}"
EndProject
Project("{FAE04EC0-301F-11D3-BF4B-00C04F79EFBC}") = "LocalAPI", "LocalAPI\LocalAPI.csproj", "{10EBAE77-9F18-47F6-B912-4D728A6C4A6C}"
EndProject
Project("{2150E333-8FDC-42A3-9474-1A3956D46DE8}") = ".nuget", ".nuget", "{DA33F0E8-7AED-4E4C-83AA-037F324FD8CE}"
	ProjectSection(SolutionItems) = preProject
		.nuget\NuGet.Config = .nuget\NuGet.Config
		.nuget\NuGet.exe = .nuget\NuGet.exe
		.nuget\NuGet.targets = .nuget\NuGet.targets
	EndProjectSection
EndProject
Project("{FAE04EC0-301F-11D3-BF4B-00C04F79EFBC}") = "MVCTestImageMatch", "MVCTestImageMatch\MVCTestImageMatch.csproj", "{93835892-3909-49B1-A549-6D41D7470146}"
EndProject
Project("{FAE04EC0-301F-11D3-BF4B-00C04F79EFBC}") = "ConsoleImageServices", "ConsoleImageServices\ConsoleImageServices.csproj", "{660A0D84-1B26-4D8C-B58A-C8403E9332CB}"
EndProject
Project("{FAE04EC0-301F-11D3-BF4B-00C04F79EFBC}") = "SCTraceAPI", "SCTraceAPI\SCTraceAPI\SCTraceAPI.csproj", "{15211ACC-8CFD-4B21-84A9-0285DF8655AB}"
EndProject
Project("{FAE04EC0-301F-11D3-BF4B-00C04F79EFBC}") = "SCServicesMonitoring", "SCServicesMonitoring\SCServicesMonitoring.csproj", "{A57E2B6D-1D2A-4D9C-8967-09FB19479821}"
EndProject
Project("{FAE04EC0-301F-11D3-BF4B-00C04F79EFBC}") = "APIControlServices", "APIControlServices\APIControlServices.csproj", "{D137ECD0-FADA-4221-92F3-1F1410686F83}"
EndProject
Project("{2150E333-8FDC-42A3-9474-1A3956D46DE8}") = "API", "API", "{4F4C6B2E-7913-4AF9-8CB1-9A957AC61F8D}"
EndProject
Project("{2150E333-8FDC-42A3-9474-1A3956D46DE8}") = "Services", "Services", "{784C2CC6-43A5-4D9B-8466-3A1FD2A6148E}"
EndProject
Project("{FAE04EC0-301F-11D3-BF4B-00C04F79EFBC}") = "ConsoleFileControl", "ConsoleFileControl\ConsoleFileControl.csproj", "{FB59F424-DF07-4674-A4BC-935D9504FCD8}"
EndProject
Project("{FAE04EC0-301F-11D3-BF4B-00C04F79EFBC}") = "ConsoleFileReName", "ConsoleFileReName\ConsoleFileReName.csproj", "{83F15335-0CB4-4AFE-A954-7D30A63BAF43}"
EndProject
Project("{2150E333-8FDC-42A3-9474-1A3956D46DE8}") = "Test", "Test", "{525DAC7C-BBB8-412C-B92B-400801ACD5DC}"
EndProject
Project("{FAE04EC0-301F-11D3-BF4B-00C04F79EFBC}") = "SwaggerTest", "SwaggerTest\SwaggerTest.csproj", "{891BC8B7-CD60-44E8-8DEE-F681D6C645A3}"
EndProject
Project("{FAE04EC0-301F-11D3-BF4B-00C04F79EFBC}") = "ConsoleSwaggerTest", "ConsoleSwaggerTest\ConsoleSwaggerTest.csproj", "{A3D38E2F-829F-46DF-BF39-5DE3CA7EF292}"
EndProject
Global
	GlobalSection(SolutionConfigurationPlatforms) = preSolution
		Debug|Any CPU = Debug|Any CPU
		Release|Any CPU = Release|Any CPU
	EndGlobalSection
	GlobalSection(ProjectConfigurationPlatforms) = postSolution
		{6425F311-5FEC-4D94-895F-A0079E08C320}.Debug|Any CPU.ActiveCfg = Debug|Any CPU
		{6425F311-5FEC-4D94-895F-A0079E08C320}.Debug|Any CPU.Build.0 = Debug|Any CPU
		{6425F311-5FEC-4D94-895F-A0079E08C320}.Release|Any CPU.ActiveCfg = Release|Any CPU
		{6425F311-5FEC-4D94-895F-A0079E08C320}.Release|Any CPU.Build.0 = Release|Any CPU
		{F6140EE3-5BE0-4A4F-BDCC-791E4327F89B}.Debug|Any CPU.ActiveCfg = Debug|Any CPU
		{F6140EE3-5BE0-4A4F-BDCC-791E4327F89B}.Debug|Any CPU.Build.0 = Debug|Any CPU
		{F6140EE3-5BE0-4A4F-BDCC-791E4327F89B}.Release|Any CPU.ActiveCfg = Release|Any CPU
		{F6140EE3-5BE0-4A4F-BDCC-791E4327F89B}.Release|Any CPU.Build.0 = Release|Any CPU
		{518303FD-3DED-4012-B73B-CF8E60887946}.Debug|Any CPU.ActiveCfg = Debug|Any CPU
		{518303FD-3DED-4012-B73B-CF8E60887946}.Debug|Any CPU.Build.0 = Debug|Any CPU
		{518303FD-3DED-4012-B73B-CF8E60887946}.Release|Any CPU.ActiveCfg = Release|Any CPU
		{518303FD-3DED-4012-B73B-CF8E60887946}.Release|Any CPU.Build.0 = Release|Any CPU
		{10EBAE77-9F18-47F6-B912-4D728A6C4A6C}.Debug|Any CPU.ActiveCfg = Debug|Any CPU
		{10EBAE77-9F18-47F6-B912-4D728A6C4A6C}.Debug|Any CPU.Build.0 = Debug|Any CPU
		{10EBAE77-9F18-47F6-B912-4D728A6C4A6C}.Release|Any CPU.ActiveCfg = Release|Any CPU
		{10EBAE77-9F18-47F6-B912-4D728A6C4A6C}.Release|Any CPU.Build.0 = Release|Any CPU
		{93835892-3909-49B1-A549-6D41D7470146}.Debug|Any CPU.ActiveCfg = Debug|Any CPU
		{93835892-3909-49B1-A549-6D41D7470146}.Debug|Any CPU.Build.0 = Debug|Any CPU
		{93835892-3909-49B1-A549-6D41D7470146}.Release|Any CPU.ActiveCfg = Release|Any CPU
		{93835892-3909-49B1-A549-6D41D7470146}.Release|Any CPU.Build.0 = Release|Any CPU
		{660A0D84-1B26-4D8C-B58A-C8403E9332CB}.Debug|Any CPU.ActiveCfg = Debug|Any CPU
		{660A0D84-1B26-4D8C-B58A-C8403E9332CB}.Debug|Any CPU.Build.0 = Debug|Any CPU
		{660A0D84-1B26-4D8C-B58A-C8403E9332CB}.Release|Any CPU.ActiveCfg = Release|Any CPU
		{660A0D84-1B26-4D8C-B58A-C8403E9332CB}.Release|Any CPU.Build.0 = Release|Any CPU
		{15211ACC-8CFD-4B21-84A9-0285DF8655AB}.Debug|Any CPU.ActiveCfg = Debug|Any CPU
		{15211ACC-8CFD-4B21-84A9-0285DF8655AB}.Debug|Any CPU.Build.0 = Debug|Any CPU
		{15211ACC-8CFD-4B21-84A9-0285DF8655AB}.Release|Any CPU.ActiveCfg = Release|Any CPU
		{15211ACC-8CFD-4B21-84A9-0285DF8655AB}.Release|Any CPU.Build.0 = Release|Any CPU
		{A57E2B6D-1D2A-4D9C-8967-09FB19479821}.Debug|Any CPU.ActiveCfg = Debug|Any CPU
		{A57E2B6D-1D2A-4D9C-8967-09FB19479821}.Debug|Any CPU.Build.0 = Debug|Any CPU
		{A57E2B6D-1D2A-4D9C-8967-09FB19479821}.Release|Any CPU.ActiveCfg = Release|Any CPU
		{A57E2B6D-1D2A-4D9C-8967-09FB19479821}.Release|Any CPU.Build.0 = Release|Any CPU
		{D137ECD0-FADA-4221-92F3-1F1410686F83}.Debug|Any CPU.ActiveCfg = Debug|Any CPU
		{D137ECD0-FADA-4221-92F3-1F1410686F83}.Debug|Any CPU.Build.0 = Debug|Any CPU
		{D137ECD0-FADA-4221-92F3-1F1410686F83}.Release|Any CPU.ActiveCfg = Release|Any CPU
		{D137ECD0-FADA-4221-92F3-1F1410686F83}.Release|Any CPU.Build.0 = Release|Any CPU
		{FB59F424-DF07-4674-A4BC-935D9504FCD8}.Debug|Any CPU.ActiveCfg = Debug|Any CPU
		{FB59F424-DF07-4674-A4BC-935D9504FCD8}.Debug|Any CPU.Build.0 = Debug|Any CPU
		{FB59F424-DF07-4674-A4BC-935D9504FCD8}.Release|Any CPU.ActiveCfg = Release|Any CPU
		{FB59F424-DF07-4674-A4BC-935D9504FCD8}.Release|Any CPU.Build.0 = Release|Any CPU
		{83F15335-0CB4-4AFE-A954-7D30A63BAF43}.Debug|Any CPU.ActiveCfg = Debug|Any CPU
		{83F15335-0CB4-4AFE-A954-7D30A63BAF43}.Debug|Any CPU.Build.0 = Debug|Any CPU
		{83F15335-0CB4-4AFE-A954-7D30A63BAF43}.Release|Any CPU.ActiveCfg = Release|Any CPU
		{83F15335-0CB4-4AFE-A954-7D30A63BAF43}.Release|Any CPU.Build.0 = Release|Any CPU
		{891BC8B7-CD60-44E8-8DEE-F681D6C645A3}.Debug|Any CPU.ActiveCfg = Debug|Any CPU
		{891BC8B7-CD60-44E8-8DEE-F681D6C645A3}.Debug|Any CPU.Build.0 = Debug|Any CPU
		{891BC8B7-CD60-44E8-8DEE-F681D6C645A3}.Release|Any CPU.ActiveCfg = Release|Any CPU
		{891BC8B7-CD60-44E8-8DEE-F681D6C645A3}.Release|Any CPU.Build.0 = Release|Any CPU
		{A3D38E2F-829F-46DF-BF39-5DE3CA7EF292}.Debug|Any CPU.ActiveCfg = Debug|Any CPU
		{A3D38E2F-829F-46DF-BF39-5DE3CA7EF292}.Debug|Any CPU.Build.0 = Debug|Any CPU
		{A3D38E2F-829F-46DF-BF39-5DE3CA7EF292}.Release|Any CPU.ActiveCfg = Release|Any CPU
		{A3D38E2F-829F-46DF-BF39-5DE3CA7EF292}.Release|Any CPU.Build.0 = Release|Any CPU
	EndGlobalSection
	GlobalSection(SolutionProperties) = preSolution
		HideSolutionNode = FALSE
	EndGlobalSection
	GlobalSection(NestedProjects) = preSolution
		{15211ACC-8CFD-4B21-84A9-0285DF8655AB} = {4F4C6B2E-7913-4AF9-8CB1-9A957AC61F8D}
		{D137ECD0-FADA-4221-92F3-1F1410686F83} = {4F4C6B2E-7913-4AF9-8CB1-9A957AC61F8D}
		{518303FD-3DED-4012-B73B-CF8E60887946} = {4F4C6B2E-7913-4AF9-8CB1-9A957AC61F8D}
		{891BC8B7-CD60-44E8-8DEE-F681D6C645A3} = {4F4C6B2E-7913-4AF9-8CB1-9A957AC61F8D}
		{A57E2B6D-1D2A-4D9C-8967-09FB19479821} = {784C2CC6-43A5-4D9B-8466-3A1FD2A6148E}
		{A3D38E2F-829F-46DF-BF39-5DE3CA7EF292} = {525DAC7C-BBB8-412C-B92B-400801ACD5DC}
	EndGlobalSection
EndGlobal
